// !$*UTF8*$!
{
	archiveVersion = 1;
	classes = {
	};
	objectVersion = 46;
	objects = {

/* Begin PBXBuildFile section */
		419561551AC4E4670067D04F /* AppDelegate.swift in Sources */ = {isa = PBXBuildFile; fileRef = 419561541AC4E4670067D04F /* AppDelegate.swift */; };
		419561581AC4E4670067D04F /* DNApp.xcdatamodeld in Sources */ = {isa = PBXBuildFile; fileRef = 419561561AC4E4670067D04F /* DNApp.xcdatamodeld */; };
		4195615A1AC4E4670067D04F /* ViewController.swift in Sources */ = {isa = PBXBuildFile; fileRef = 419561591AC4E4670067D04F /* ViewController.swift */; };
		4195615D1AC4E4670067D04F /* Main.storyboard in Resources */ = {isa = PBXBuildFile; fileRef = 4195615B1AC4E4670067D04F /* Main.storyboard */; };
		4195615F1AC4E4670067D04F /* Images.xcassets in Resources */ = {isa = PBXBuildFile; fileRef = 4195615E1AC4E4670067D04F /* Images.xcassets */; };
		419561621AC4E4670067D04F /* LaunchScreen.xib in Resources */ = {isa = PBXBuildFile; fileRef = 419561601AC4E4670067D04F /* LaunchScreen.xib */; };
		4195616E1AC4E4670067D04F /* DNAppTests.swift in Sources */ = {isa = PBXBuildFile; fileRef = 4195616D1AC4E4670067D04F /* DNAppTests.swift */; };
		419561931AC4EF810067D04F /* BlurView.swift in Sources */ = {isa = PBXBuildFile; fileRef = 419561781AC4EF810067D04F /* BlurView.swift */; };
		419561941AC4EF810067D04F /* Data.swift in Sources */ = {isa = PBXBuildFile; fileRef = 419561791AC4EF810067D04F /* Data.swift */; };
		419561951AC4EF810067D04F /* DesignableButton.swift in Sources */ = {isa = PBXBuildFile; fileRef = 4195617A1AC4EF810067D04F /* DesignableButton.swift */; };
		419561961AC4EF810067D04F /* DesignableImageView.swift in Sources */ = {isa = PBXBuildFile; fileRef = 4195617B1AC4EF810067D04F /* DesignableImageView.swift */; };
		419561971AC4EF810067D04F /* DesignableLabel.swift in Sources */ = {isa = PBXBuildFile; fileRef = 4195617C1AC4EF810067D04F /* DesignableLabel.swift */; };
		419561981AC4EF810067D04F /* DesignableTabBarController.swift in Sources */ = {isa = PBXBuildFile; fileRef = 4195617D1AC4EF810067D04F /* DesignableTabBarController.swift */; };
		419561991AC4EF810067D04F /* DesignableTextField.swift in Sources */ = {isa = PBXBuildFile; fileRef = 4195617E1AC4EF810067D04F /* DesignableTextField.swift */; };
		4195619A1AC4EF810067D04F /* DesignableTextView.swift in Sources */ = {isa = PBXBuildFile; fileRef = 4195617F1AC4EF810067D04F /* DesignableTextView.swift */; };
		4195619B1AC4EF810067D04F /* DesignableView.swift in Sources */ = {isa = PBXBuildFile; fileRef = 419561801AC4EF810067D04F /* DesignableView.swift */; };
		4195619C1AC4EF810067D04F /* ImageLoader.swift in Sources */ = {isa = PBXBuildFile; fileRef = 419561811AC4EF810067D04F /* ImageLoader.swift */; };
		4195619D1AC4EF810067D04F /* Info.plist in Resources */ = {isa = PBXBuildFile; fileRef = 419561821AC4EF810067D04F /* Info.plist */; };
		4195619E1AC4EF810067D04F /* KeyboardAvoidingScrollView.swift in Sources */ = {isa = PBXBuildFile; fileRef = 419561831AC4EF810067D04F /* KeyboardAvoidingScrollView.swift */; };
		4195619F1AC4EF810067D04F /* LoadingView.swift in Sources */ = {isa = PBXBuildFile; fileRef = 419561841AC4EF810067D04F /* LoadingView.swift */; };
		419561A01AC4EF810067D04F /* LoadingView.xib in Resources */ = {isa = PBXBuildFile; fileRef = 419561851AC4EF810067D04F /* LoadingView.xib */; };
		419561A11AC4EF810067D04F /* Misc.swift in Sources */ = {isa = PBXBuildFile; fileRef = 419561861AC4EF810067D04F /* Misc.swift */; };
		419561A21AC4EF810067D04F /* Spring.swift in Sources */ = {isa = PBXBuildFile; fileRef = 419561881AC4EF810067D04F /* Spring.swift */; };
		419561A31AC4EF810067D04F /* SpringAnimation.swift in Sources */ = {isa = PBXBuildFile; fileRef = 419561891AC4EF810067D04F /* SpringAnimation.swift */; };
		419561A41AC4EF810067D04F /* SpringButton.swift in Sources */ = {isa = PBXBuildFile; fileRef = 4195618A1AC4EF810067D04F /* SpringButton.swift */; };
		419561A51AC4EF810067D04F /* SpringImageView.swift in Sources */ = {isa = PBXBuildFile; fileRef = 4195618B1AC4EF810067D04F /* SpringImageView.swift */; };
		419561A61AC4EF810067D04F /* SpringLabel.swift in Sources */ = {isa = PBXBuildFile; fileRef = 4195618C1AC4EF810067D04F /* SpringLabel.swift */; };
		419561A71AC4EF810067D04F /* SpringTextField.swift in Sources */ = {isa = PBXBuildFile; fileRef = 4195618D1AC4EF810067D04F /* SpringTextField.swift */; };
		419561A81AC4EF810067D04F /* SpringTextView.swift in Sources */ = {isa = PBXBuildFile; fileRef = 4195618E1AC4EF810067D04F /* SpringTextView.swift */; };
		419561A91AC4EF810067D04F /* SpringView.swift in Sources */ = {isa = PBXBuildFile; fileRef = 4195618F1AC4EF810067D04F /* SpringView.swift */; };
		419561AA1AC4EF810067D04F /* TransitionManager.swift in Sources */ = {isa = PBXBuildFile; fileRef = 419561901AC4EF810067D04F /* TransitionManager.swift */; };
		419561AB1AC4EF810067D04F /* TransitionZoom.swift in Sources */ = {isa = PBXBuildFile; fileRef = 419561911AC4EF810067D04F /* TransitionZoom.swift */; };
		419561AC1AC4EF810067D04F /* UnwindSegue.swift in Sources */ = {isa = PBXBuildFile; fileRef = 419561921AC4EF810067D04F /* UnwindSegue.swift */; };
		419561AE1AC630570067D04F /* LoginViewController.swift in Sources */ = {isa = PBXBuildFile; fileRef = 419561AD1AC630570067D04F /* LoginViewController.swift */; };
		419561B01AC787890067D04F /* LernViewController.swift in Sources */ = {isa = PBXBuildFile; fileRef = 419561AF1AC787890067D04F /* LernViewController.swift */; };
/* End PBXBuildFile section */

/* Begin PBXContainerItemProxy section */
		419561681AC4E4670067D04F /* PBXContainerItemProxy */ = {
			isa = PBXContainerItemProxy;
			containerPortal = 419561471AC4E4670067D04F /* Project object */;
			proxyType = 1;
			remoteGlobalIDString = 4195614E1AC4E4670067D04F;
			remoteInfo = DNApp;
		};
/* End PBXContainerItemProxy section */

/* Begin PBXFileReference section */
		4195614F1AC4E4670067D04F /* DNApp.app */ = {isa = PBXFileReference; explicitFileType = wrapper.application; includeInIndex = 0; path = DNApp.app; sourceTree = BUILT_PRODUCTS_DIR; };
		419561531AC4E4670067D04F /* Info.plist */ = {isa = PBXFileReference; lastKnownFileType = text.plist.xml; path = Info.plist; sourceTree = "<group>"; };
		419561541AC4E4670067D04F /* AppDelegate.swift */ = {isa = PBXFileReference; lastKnownFileType = sourcecode.swift; path = AppDelegate.swift; sourceTree = "<group>"; };
		419561571AC4E4670067D04F /* DNApp.xcdatamodel */ = {isa = PBXFileReference; lastKnownFileType = wrapper.xcdatamodel; path = DNApp.xcdatamodel; sourceTree = "<group>"; };
		419561591AC4E4670067D04F /* ViewController.swift */ = {isa = PBXFileReference; lastKnownFileType = sourcecode.swift; path = ViewController.swift; sourceTree = "<group>"; };
		4195615C1AC4E4670067D04F /* Base */ = {isa = PBXFileReference; lastKnownFileType = file.storyboard; name = Base; path = Base.lproj/Main.storyboard; sourceTree = "<group>"; };
		4195615E1AC4E4670067D04F /* Images.xcassets */ = {isa = PBXFileReference; lastKnownFileType = folder.assetcatalog; path = Images.xcassets; sourceTree = "<group>"; };
		419561611AC4E4670067D04F /* Base */ = {isa = PBXFileReference; lastKnownFileType = file.xib; name = Base; path = Base.lproj/LaunchScreen.xib; sourceTree = "<group>"; };
		419561671AC4E4670067D04F /* DNAppTests.xctest */ = {isa = PBXFileReference; explicitFileType = wrapper.cfbundle; includeInIndex = 0; path = DNAppTests.xctest; sourceTree = BUILT_PRODUCTS_DIR; };
		4195616C1AC4E4670067D04F /* Info.plist */ = {isa = PBXFileReference; lastKnownFileType = text.plist.xml; path = Info.plist; sourceTree = "<group>"; };
		4195616D1AC4E4670067D04F /* DNAppTests.swift */ = {isa = PBXFileReference; lastKnownFileType = sourcecode.swift; path = DNAppTests.swift; sourceTree = "<group>"; };
		419561781AC4EF810067D04F /* BlurView.swift */ = {isa = PBXFileReference; fileEncoding = 4; lastKnownFileType = sourcecode.swift; path = BlurView.swift; sourceTree = "<group>"; };
		419561791AC4EF810067D04F /* Data.swift */ = {isa = PBXFileReference; fileEncoding = 4; lastKnownFileType = sourcecode.swift; path = Data.swift; sourceTree = "<group>"; };
		4195617A1AC4EF810067D04F /* DesignableButton.swift */ = {isa = PBXFileReference; fileEncoding = 4; lastKnownFileType = sourcecode.swift; path = DesignableButton.swift; sourceTree = "<group>"; };
		4195617B1AC4EF810067D04F /* DesignableImageView.swift */ = {isa = PBXFileReference; fileEncoding = 4; lastKnownFileType = sourcecode.swift; path = DesignableImageView.swift; sourceTree = "<group>"; };
		4195617C1AC4EF810067D04F /* DesignableLabel.swift */ = {isa = PBXFileReference; fileEncoding = 4; lastKnownFileType = sourcecode.swift; path = DesignableLabel.swift; sourceTree = "<group>"; };
		4195617D1AC4EF810067D04F /* DesignableTabBarController.swift */ = {isa = PBXFileReference; fileEncoding = 4; lastKnownFileType = sourcecode.swift; path = DesignableTabBarController.swift; sourceTree = "<group>"; };
		4195617E1AC4EF810067D04F /* DesignableTextField.swift */ = {isa = PBXFileReference; fileEncoding = 4; lastKnownFileType = sourcecode.swift; path = DesignableTextField.swift; sourceTree = "<group>"; };
		4195617F1AC4EF810067D04F /* DesignableTextView.swift */ = {isa = PBXFileReference; fileEncoding = 4; lastKnownFileType = sourcecode.swift; path = DesignableTextView.swift; sourceTree = "<group>"; };
		419561801AC4EF810067D04F /* DesignableView.swift */ = {isa = PBXFileReference; fileEncoding = 4; lastKnownFileType = sourcecode.swift; path = DesignableView.swift; sourceTree = "<group>"; };
		419561811AC4EF810067D04F /* ImageLoader.swift */ = {isa = PBXFileReference; fileEncoding = 4; lastKnownFileType = sourcecode.swift; path = ImageLoader.swift; sourceTree = "<group>"; };
		419561821AC4EF810067D04F /* Info.plist */ = {isa = PBXFileReference; fileEncoding = 4; lastKnownFileType = text.plist.xml; path = Info.plist; sourceTree = "<group>"; };
		419561831AC4EF810067D04F /* KeyboardAvoidingScrollView.swift */ = {isa = PBXFileReference; fileEncoding = 4; lastKnownFileType = sourcecode.swift; path = KeyboardAvoidingScrollView.swift; sourceTree = "<group>"; };
		419561841AC4EF810067D04F /* LoadingView.swift */ = {isa = PBXFileReference; fileEncoding = 4; lastKnownFileType = sourcecode.swift; path = LoadingView.swift; sourceTree = "<group>"; };
		419561851AC4EF810067D04F /* LoadingView.xib */ = {isa = PBXFileReference; fileEncoding = 4; lastKnownFileType = file.xib; path = LoadingView.xib; sourceTree = "<group>"; };
		419561861AC4EF810067D04F /* Misc.swift */ = {isa = PBXFileReference; fileEncoding = 4; lastKnownFileType = sourcecode.swift; path = Misc.swift; sourceTree = "<group>"; };
		419561871AC4EF810067D04F /* Spring.h */ = {isa = PBXFileReference; fileEncoding = 4; lastKnownFileType = sourcecode.c.h; path = Spring.h; sourceTree = "<group>"; };
		419561881AC4EF810067D04F /* Spring.swift */ = {isa = PBXFileReference; fileEncoding = 4; lastKnownFileType = sourcecode.swift; path = Spring.swift; sourceTree = "<group>"; };
		419561891AC4EF810067D04F /* SpringAnimation.swift */ = {isa = PBXFileReference; fileEncoding = 4; lastKnownFileType = sourcecode.swift; path = SpringAnimation.swift; sourceTree = "<group>"; };
		4195618A1AC4EF810067D04F /* SpringButton.swift */ = {isa = PBXFileReference; fileEncoding = 4; lastKnownFileType = sourcecode.swift; path = SpringButton.swift; sourceTree = "<group>"; };
		4195618B1AC4EF810067D04F /* SpringImageView.swift */ = {isa = PBXFileReference; fileEncoding = 4; lastKnownFileType = sourcecode.swift; path = SpringImageView.swift; sourceTree = "<group>"; };
		4195618C1AC4EF810067D04F /* SpringLabel.swift */ = {isa = PBXFileReference; fileEncoding = 4; lastKnownFileType = sourcecode.swift; path = SpringLabel.swift; sourceTree = "<group>"; };
		4195618D1AC4EF810067D04F /* SpringTextField.swift */ = {isa = PBXFileReference; fileEncoding = 4; lastKnownFileType = sourcecode.swift; path = SpringTextField.swift; sourceTree = "<group>"; };
		4195618E1AC4EF810067D04F /* SpringTextView.swift */ = {isa = PBXFileReference; fileEncoding = 4; lastKnownFileType = sourcecode.swift; path = SpringTextView.swift; sourceTree = "<group>"; };
		4195618F1AC4EF810067D04F /* SpringView.swift */ = {isa = PBXFileReference; fileEncoding = 4; lastKnownFileType = sourcecode.swift; path = SpringView.swift; sourceTree = "<group>"; };
		419561901AC4EF810067D04F /* TransitionManager.swift */ = {isa = PBXFileReference; fileEncoding = 4; lastKnownFileType = sourcecode.swift; path = TransitionManager.swift; sourceTree = "<group>"; };
		419561911AC4EF810067D04F /* TransitionZoom.swift */ = {isa = PBXFileReference; fileEncoding = 4; lastKnownFileType = sourcecode.swift; path = TransitionZoom.swift; sourceTree = "<group>"; };
		419561921AC4EF810067D04F /* UnwindSegue.swift */ = {isa = PBXFileReference; fileEncoding = 4; lastKnownFileType = sourcecode.swift; path = UnwindSegue.swift; sourceTree = "<group>"; };
		419561AD1AC630570067D04F /* LoginViewController.swift */ = {isa = PBXFileReference; fileEncoding = 4; lastKnownFileType = sourcecode.swift; path = LoginViewController.swift; sourceTree = "<group>"; };
		419561AF1AC787890067D04F /* LernViewController.swift */ = {isa = PBXFileReference; fileEncoding = 4; lastKnownFileType = sourcecode.swift; path = LernViewController.swift; sourceTree = "<group>"; };
/* End PBXFileReference section */

/* Begin PBXFrameworksBuildPhase section */
		4195614C1AC4E4670067D04F /* Frameworks */ = {
			isa = PBXFrameworksBuildPhase;
			buildActionMask = 2147483647;
			files = (
			);
			runOnlyForDeploymentPostprocessing = 0;
		};
		419561641AC4E4670067D04F /* Frameworks */ = {
			isa = PBXFrameworksBuildPhase;
			buildActionMask = 2147483647;
			files = (
			);
			runOnlyForDeploymentPostprocessing = 0;
		};
/* End PBXFrameworksBuildPhase section */

/* Begin PBXGroup section */
		419561461AC4E4670067D04F = {
			isa = PBXGroup;
			children = (
				419561511AC4E4670067D04F /* DNApp */,
				4195616A1AC4E4670067D04F /* DNAppTests */,
				419561501AC4E4670067D04F /* Products */,
			);
			sourceTree = "<group>";
		};
		419561501AC4E4670067D04F /* Products */ = {
			isa = PBXGroup;
			children = (
				4195614F1AC4E4670067D04F /* DNApp.app */,
				419561671AC4E4670067D04F /* DNAppTests.xctest */,
			);
			name = Products;
			sourceTree = "<group>";
		};
		419561511AC4E4670067D04F /* DNApp */ = {
			isa = PBXGroup;
			children = (
				419561771AC4EF810067D04F /* Spring */,
				419561541AC4E4670067D04F /* AppDelegate.swift */,
				419561591AC4E4670067D04F /* ViewController.swift */,
				419561AD1AC630570067D04F /* LoginViewController.swift */,
				4195615B1AC4E4670067D04F /* Main.storyboard */,
				419561AF1AC787890067D04F /* LernViewController.swift */,
				4195615E1AC4E4670067D04F /* Images.xcassets */,
				419561601AC4E4670067D04F /* LaunchScreen.xib */,
				419561561AC4E4670067D04F /* DNApp.xcdatamodeld */,
				419561521AC4E4670067D04F /* Supporting Files */,
			);
			path = DNApp;
			sourceTree = "<group>";
		};
		419561521AC4E4670067D04F /* Supporting Files */ = {
			isa = PBXGroup;
			children = (
				419561531AC4E4670067D04F /* Info.plist */,
			);
			name = "Supporting Files";
			sourceTree = "<group>";
		};
		4195616A1AC4E4670067D04F /* DNAppTests */ = {
			isa = PBXGroup;
			children = (
				4195616D1AC4E4670067D04F /* DNAppTests.swift */,
				4195616B1AC4E4670067D04F /* Supporting Files */,
			);
			path = DNAppTests;
			sourceTree = "<group>";
		};
		4195616B1AC4E4670067D04F /* Supporting Files */ = {
			isa = PBXGroup;
			children = (
				4195616C1AC4E4670067D04F /* Info.plist */,
			);
			name = "Supporting Files";
			sourceTree = "<group>";
		};
		419561771AC4EF810067D04F /* Spring */ = {
			isa = PBXGroup;
			children = (
				419561781AC4EF810067D04F /* BlurView.swift */,
				419561791AC4EF810067D04F /* Data.swift */,
				4195617A1AC4EF810067D04F /* DesignableButton.swift */,
				4195617B1AC4EF810067D04F /* DesignableImageView.swift */,
				4195617C1AC4EF810067D04F /* DesignableLabel.swift */,
				4195617D1AC4EF810067D04F /* DesignableTabBarController.swift */,
				4195617E1AC4EF810067D04F /* DesignableTextField.swift */,
				4195617F1AC4EF810067D04F /* DesignableTextView.swift */,
				419561801AC4EF810067D04F /* DesignableView.swift */,
				419561811AC4EF810067D04F /* ImageLoader.swift */,
				419561821AC4EF810067D04F /* Info.plist */,
				419561831AC4EF810067D04F /* KeyboardAvoidingScrollView.swift */,
				419561841AC4EF810067D04F /* LoadingView.swift */,
				419561851AC4EF810067D04F /* LoadingView.xib */,
				419561861AC4EF810067D04F /* Misc.swift */,
				419561871AC4EF810067D04F /* Spring.h */,
				419561881AC4EF810067D04F /* Spring.swift */,
				419561891AC4EF810067D04F /* SpringAnimation.swift */,
				4195618A1AC4EF810067D04F /* SpringButton.swift */,
				4195618B1AC4EF810067D04F /* SpringImageView.swift */,
				4195618C1AC4EF810067D04F /* SpringLabel.swift */,
				4195618D1AC4EF810067D04F /* SpringTextField.swift */,
				4195618E1AC4EF810067D04F /* SpringTextView.swift */,
				4195618F1AC4EF810067D04F /* SpringView.swift */,
				419561901AC4EF810067D04F /* TransitionManager.swift */,
				419561911AC4EF810067D04F /* TransitionZoom.swift */,
				419561921AC4EF810067D04F /* UnwindSegue.swift */,
			);
			path = Spring;
			sourceTree = "<group>";
		};
/* End PBXGroup section */

/* Begin PBXNativeTarget section */
		4195614E1AC4E4670067D04F /* DNApp */ = {
			isa = PBXNativeTarget;
			buildConfigurationList = 419561711AC4E4670067D04F /* Build configuration list for PBXNativeTarget "DNApp" */;
			buildPhases = (
				4195614B1AC4E4670067D04F /* Sources */,
				4195614C1AC4E4670067D04F /* Frameworks */,
				4195614D1AC4E4670067D04F /* Resources */,
			);
			buildRules = (
			);
			dependencies = (
			);
			name = DNApp;
			productName = DNApp;
			productReference = 4195614F1AC4E4670067D04F /* DNApp.app */;
			productType = "com.apple.product-type.application";
		};
		419561661AC4E4670067D04F /* DNAppTests */ = {
			isa = PBXNativeTarget;
			buildConfigurationList = 419561741AC4E4670067D04F /* Build configuration list for PBXNativeTarget "DNAppTests" */;
			buildPhases = (
				419561631AC4E4670067D04F /* Sources */,
				419561641AC4E4670067D04F /* Frameworks */,
				419561651AC4E4670067D04F /* Resources */,
			);
			buildRules = (
			);
			dependencies = (
				419561691AC4E4670067D04F /* PBXTargetDependency */,
			);
			name = DNAppTests;
			productName = DNAppTests;
			productReference = 419561671AC4E4670067D04F /* DNAppTests.xctest */;
			productType = "com.apple.product-type.bundle.unit-test";
		};
/* End PBXNativeTarget section */

/* Begin PBXProject section */
		419561471AC4E4670067D04F /* Project object */ = {
			isa = PBXProject;
			attributes = {
				LastUpgradeCheck = 0620;
				ORGANIZATIONNAME = "Nataliia Koldaeva";
				TargetAttributes = {
					4195614E1AC4E4670067D04F = {
						CreatedOnToolsVersion = 6.2;
					};
					419561661AC4E4670067D04F = {
						CreatedOnToolsVersion = 6.2;
						TestTargetID = 4195614E1AC4E4670067D04F;
					};
				};
			};
			buildConfigurationList = 4195614A1AC4E4670067D04F /* Build configuration list for PBXProject "DNApp" */;
			compatibilityVersion = "Xcode 3.2";
			developmentRegion = English;
			hasScannedForEncodings = 0;
			knownRegions = (
				en,
				Base,
			);
			mainGroup = 419561461AC4E4670067D04F;
			productRefGroup = 419561501AC4E4670067D04F /* Products */;
			projectDirPath = "";
			projectRoot = "";
			targets = (
				4195614E1AC4E4670067D04F /* DNApp */,
				419561661AC4E4670067D04F /* DNAppTests */,
			);
		};
/* End PBXProject section */

/* Begin PBXResourcesBuildPhase section */
		4195614D1AC4E4670067D04F /* Resources */ = {
			isa = PBXResourcesBuildPhase;
			buildActionMask = 2147483647;
			files = (
				4195619D1AC4EF810067D04F /* Info.plist in Resources */,
				4195615D1AC4E4670067D04F /* Main.storyboard in Resources */,
				419561621AC4E4670067D04F /* LaunchScreen.xib in Resources */,
				4195615F1AC4E4670067D04F /* Images.xcassets in Resources */,
				419561A01AC4EF810067D04F /* LoadingView.xib in Resources */,
			);
			runOnlyForDeploymentPostprocessing = 0;
		};
		419561651AC4E4670067D04F /* Resources */ = {
			isa = PBXResourcesBuildPhase;
			buildActionMask = 2147483647;
			files = (
			);
			runOnlyForDeploymentPostprocessing = 0;
		};
/* End PBXResourcesBuildPhase section */

/* Begin PBXSourcesBuildPhase section */
		4195614B1AC4E4670067D04F /* Sources */ = {
			isa = PBXSourcesBuildPhase;
			buildActionMask = 2147483647;
			files = (
				419561AE1AC630570067D04F /* LoginViewController.swift in Sources */,
				419561AC1AC4EF810067D04F /* UnwindSegue.swift in Sources */,
				4195615A1AC4E4670067D04F /* ViewController.swift in Sources */,
				419561A11AC4EF810067D04F /* Misc.swift in Sources */,
				419561A41AC4EF810067D04F /* SpringButton.swift in Sources */,
				419561941AC4EF810067D04F /* Data.swift in Sources */,
				419561931AC4EF810067D04F /* BlurView.swift in Sources */,
				419561551AC4E4670067D04F /* AppDelegate.swift in Sources */,
				419561B01AC787890067D04F /* LernViewController.swift in Sources */,
				4195619A1AC4EF810067D04F /* DesignableTextView.swift in Sources */,
				419561581AC4E4670067D04F /* DNApp.xcdatamodeld in Sources */,
				419561A71AC4EF810067D04F /* SpringTextField.swift in Sources */,
				419561951AC4EF810067D04F /* DesignableButton.swift in Sources */,
				419561A61AC4EF810067D04F /* SpringLabel.swift in Sources */,
				419561971AC4EF810067D04F /* DesignableLabel.swift in Sources */,
				4195619F1AC4EF810067D04F /* LoadingView.swift in Sources */,
				4195619B1AC4EF810067D04F /* DesignableView.swift in Sources */,
				419561991AC4EF810067D04F /* DesignableTextField.swift in Sources */,
				419561A81AC4EF810067D04F /* SpringTextView.swift in Sources */,
				419561AA1AC4EF810067D04F /* TransitionManager.swift in Sources */,
				419561A21AC4EF810067D04F /* Spring.swift in Sources */,
				419561A91AC4EF810067D04F /* SpringView.swift in Sources */,
				419561981AC4EF810067D04F /* DesignableTabBarController.swift in Sources */,
				419561961AC4EF810067D04F /* DesignableImageView.swift in Sources */,
				419561AB1AC4EF810067D04F /* TransitionZoom.swift in Sources */,
				419561A31AC4EF810067D04F /* SpringAnimation.swift in Sources */,
				419561A51AC4EF810067D04F /* SpringImageView.swift in Sources */,
				4195619E1AC4EF810067D04F /* KeyboardAvoidingScrollView.swift in Sources */,
				4195619C1AC4EF810067D04F /* ImageLoader.swift in Sources */,
			);
			runOnlyForDeploymentPostprocessing = 0;
		};
		419561631AC4E4670067D04F /* Sources */ = {
			isa = PBXSourcesBuildPhase;
			buildActionMask = 2147483647;
			files = (
				4195616E1AC4E4670067D04F /* DNAppTests.swift in Sources */,
			);
			runOnlyForDeploymentPostprocessing = 0;
		};
/* End PBXSourcesBuildPhase section */

/* Begin PBXTargetDependency section */
		419561691AC4E4670067D04F /* PBXTargetDependency */ = {
			isa = PBXTargetDependency;
			target = 4195614E1AC4E4670067D04F /* DNApp */;
			targetProxy = 419561681AC4E4670067D04F /* PBXContainerItemProxy */;
		};
/* End PBXTargetDependency section */

/* Begin PBXVariantGroup section */
		4195615B1AC4E4670067D04F /* Main.storyboard */ = {
			isa = PBXVariantGroup;
			children = (
				4195615C1AC4E4670067D04F /* Base */,
			);
			name = Main.storyboard;
			sourceTree = "<group>";
		};
		419561601AC4E4670067D04F /* LaunchScreen.xib */ = {
			isa = PBXVariantGroup;
			children = (
				419561611AC4E4670067D04F /* Base */,
			);
			name = LaunchScreen.xib;
			sourceTree = "<group>";
		};
/* End PBXVariantGroup section */

/* Begin XCBuildConfiguration section */
		4195616F1AC4E4670067D04F /* Debug */ = {
			isa = XCBuildConfiguration;
			buildSettings = {
				ALWAYS_SEARCH_USER_PATHS = NO;
				CLANG_CXX_LANGUAGE_STANDARD = "gnu++0x";
				CLANG_CXX_LIBRARY = "libc++";
				CLANG_ENABLE_MODULES = YES;
				CLANG_ENABLE_OBJC_ARC = YES;
				CLANG_WARN_BOOL_CONVERSION = YES;
				CLANG_WARN_CONSTANT_CONVERSION = YES;
				CLANG_WARN_DIRECT_OBJC_ISA_USAGE = YES_ERROR;
				CLANG_WARN_EMPTY_BODY = YES;
				CLANG_WARN_ENUM_CONVERSION = YES;
				CLANG_WARN_INT_CONVERSION = YES;
				CLANG_WARN_OBJC_ROOT_CLASS = YES_ERROR;
				CLANG_WARN_UNREACHABLE_CODE = YES;
				CLANG_WARN__DUPLICATE_METHOD_MATCH = YES;
				"CODE_SIGN_IDENTITY[sdk=iphoneos*]" = "iPhone Developer";
				COPY_PHASE_STRIP = NO;
				ENABLE_STRICT_OBJC_MSGSEND = YES;
				GCC_C_LANGUAGE_STANDARD = gnu99;
				GCC_DYNAMIC_NO_PIC = NO;
				GCC_OPTIMIZATION_LEVEL = 0;
				GCC_PREPROCESSOR_DEFINITIONS = (
					"DEBUG=1",
					"$(inherited)",
				);
				GCC_SYMBOLS_PRIVATE_EXTERN = NO;
				GCC_WARN_64_TO_32_BIT_CONVERSION = YES;
				GCC_WARN_ABOUT_RETURN_TYPE = YES_ERROR;
				GCC_WARN_UNDECLARED_SELECTOR = YES;
				GCC_WARN_UNINITIALIZED_AUTOS = YES_AGGRESSIVE;
				GCC_WARN_UNUSED_FUNCTION = YES;
				GCC_WARN_UNUSED_VARIABLE = YES;
				IPHONEOS_DEPLOYMENT_TARGET = 8.2;
				MTL_ENABLE_DEBUG_INFO = YES;
				ONLY_ACTIVE_ARCH = YES;
				SDKROOT = iphoneos;
				SWIFT_OPTIMIZATION_LEVEL = "-Onone";
			};
			name = Debug;
		};
		419561701AC4E4670067D04F /* Release */ = {
			isa = XCBuildConfiguration;
			buildSettings = {
				ALWAYS_SEARCH_USER_PATHS = NO;
				CLANG_CXX_LANGUAGE_STANDARD = "gnu++0x";
				CLANG_CXX_LIBRARY = "libc++";
				CLANG_ENABLE_MODULES = YES;
				CLANG_ENABLE_OBJC_ARC = YES;
				CLANG_WARN_BOOL_CONVERSION = YES;
				CLANG_WARN_CONSTANT_CONVERSION = YES;
				CLANG_WARN_DIRECT_OBJC_ISA_USAGE = YES_ERROR;
				CLANG_WARN_EMPTY_BODY = YES;
				CLANG_WARN_ENUM_CONVERSION = YES;
				CLANG_WARN_INT_CONVERSION = YES;
				CLANG_WARN_OBJC_ROOT_CLASS = YES_ERROR;
				CLANG_WARN_UNREACHABLE_CODE = YES;
				CLANG_WARN__DUPLICATE_METHOD_MATCH = YES;
				"CODE_SIGN_IDENTITY[sdk=iphoneos*]" = "iPhone Developer";
				COPY_PHASE_STRIP = NO;
				ENABLE_NS_ASSERTIONS = NO;
				ENABLE_STRICT_OBJC_MSGSEND = YES;
				GCC_C_LANGUAGE_STANDARD = gnu99;
				GCC_WARN_64_TO_32_BIT_CONVERSION = YES;
				GCC_WARN_ABOUT_RETURN_TYPE = YES_ERROR;
				GCC_WARN_UNDECLARED_SELECTOR = YES;
				GCC_WARN_UNINITIALIZED_AUTOS = YES_AGGRESSIVE;
				GCC_WARN_UNUSED_FUNCTION = YES;
				GCC_WARN_UNUSED_VARIABLE = YES;
				IPHONEOS_DEPLOYMENT_TARGET = 8.2;
				MTL_ENABLE_DEBUG_INFO = NO;
				SDKROOT = iphoneos;
				VALIDATE_PRODUCT = YES;
			};
			name = Release;
		};
		419561721AC4E4670067D04F /* Debug */ = {
			isa = XCBuildConfiguration;
			buildSettings = {
				ASSETCATALOG_COMPILER_APPICON_NAME = AppIcon;
				INFOPLIST_FILE = DNApp/Info.plist;
				LD_RUNPATH_SEARCH_PATHS = "$(inherited) @executable_path/Frameworks";
				PRODUCT_NAME = "$(TARGET_NAME)";
			};
			name = Debug;
		};
		419561731AC4E4670067D04F /* Release */ = {
			isa = XCBuildConfiguration;
			buildSettings = {
				ASSETCATALOG_COMPILER_APPICON_NAME = AppIcon;
				INFOPLIST_FILE = DNApp/Info.plist;
				LD_RUNPATH_SEARCH_PATHS = "$(inherited) @executable_path/Frameworks";
				PRODUCT_NAME = "$(TARGET_NAME)";
			};
			name = Release;
		};
		419561751AC4E4670067D04F /* Debug */ = {
			isa = XCBuildConfiguration;
			buildSettings = {
				BUNDLE_LOADER = "$(TEST_HOST)";
				FRAMEWORK_SEARCH_PATHS = (
					"$(SDKROOT)/Developer/Library/Frameworks",
					"$(inherited)",
				);
				GCC_PREPROCESSOR_DEFINITIONS = (
					"DEBUG=1",
					"$(inherited)",
				);
				INFOPLIST_FILE = DNAppTests/Info.plist;
				LD_RUNPATH_SEARCH_PATHS = "$(inherited) @executable_path/Frameworks @loader_path/Frameworks";
				PRODUCT_NAME = "$(TARGET_NAME)";
				TEST_HOST = "$(BUILT_PRODUCTS_DIR)/DNApp.app/DNApp";
			};
			name = Debug;
		};
		419561761AC4E4670067D04F /* Release */ = {
			isa = XCBuildConfiguration;
			buildSettings = {
				BUNDLE_LOADER = "$(TEST_HOST)";
				FRAMEWORK_SEARCH_PATHS = (
					"$(SDKROOT)/Developer/Library/Frameworks",
					"$(inherited)",
				);
				INFOPLIST_FILE = DNAppTests/Info.plist;
				LD_RUNPATH_SEARCH_PATHS = "$(inherited) @executable_path/Frameworks @loader_path/Frameworks";
				PRODUCT_NAME = "$(TARGET_NAME)";
				TEST_HOST = "$(BUILT_PRODUCTS_DIR)/DNApp.app/DNApp";
			};
			name = Release;
		};
/* End XCBuildConfiguration section */

/* Begin XCConfigurationList section */
		4195614A1AC4E4670067D04F /* Build configuration list for PBXProject "DNApp" */ = {
			isa = XCConfigurationList;
			buildConfigurations = (
				4195616F1AC4E4670067D04F /* Debug */,
				419561701AC4E4670067D04F /* Release */,
			);
			defaultConfigurationIsVisible = 0;
			defaultConfigurationName = Release;
		};
		419561711AC4E4670067D04F /* Build configuration list for PBXNativeTarget "DNApp" */ = {
			isa = XCConfigurationList;
			buildConfigurations = (
				419561721AC4E4670067D04F /* Debug */,
				419561731AC4E4670067D04F /* Release */,
			);
			defaultConfigurationIsVisible = 0;
		};
		419561741AC4E4670067D04F /* Build configuration list for PBXNativeTarget "DNAppTests" */ = {
			isa = XCConfigurationList;
			buildConfigurations = (
				419561751AC4E4670067D04F /* Debug */,
				419561761AC4E4670067D04F /* Release */,
			);
			defaultConfigurationIsVisible = 0;
		};
/* End XCConfigurationList section */

/* Begin XCVersionGroup section */
		419561561AC4E4670067D04F /* DNApp.xcdatamodeld */ = {
			isa = XCVersionGroup;
			children = (
				419561571AC4E4670067D04F /* DNApp.xcdatamodel */,
			);
			currentVersion = 419561571AC4E4670067D04F /* DNApp.xcdatamodel */;
			path = DNApp.xcdatamodeld;
			sourceTree = "<group>";
			versionGroupType = wrapper.xcdatamodel;
		};
/* End XCVersionGroup section */
	};
	rootObject = 419561471AC4E4670067D04F /* Project object */;
}
